# This file was autogenerated by Stack.
# You should not edit this file by hand.
# For more information, please see the documentation at:
#   https://docs.haskellstack.org/en/stable/lock_files

packages:
- completed:
    hackage: haskell-names-0.9.9@sha256:8cd295ff72cbc87b330e4b9955eae3095a701b3e8b9a633c04cf150977e90d70,12974
    pantry-tree:
      sha256: c8ca8eafe4d3e6d9f9b6209d1790edd7cf79f84b71c68657e6f7713d630646f4
      size: 25945
  original:
    hackage: haskell-names-0.9.9
snapshots:
- completed:
    sha256: 65b9809265860e085b4f61d4eb00d5d73e41190693620385a69cc9d9df7a901d
    size: 619164
    url: https://raw.githubusercontent.com/commercialhaskell/stackage-snapshots/master/lts/19/18.yaml
  original: lts-19.18
